// !$*UTF8*$!
{
	archiveVersion = 1;
	classes = {
	};
	objectVersion = 46;
	objects = {

/* Begin PBXBuildFile section */
		415F861405108CE6A7A03020 /* libPods.a in Frameworks */ = {isa = PBXBuildFile; fileRef = 82460E756E84B0FBEEED88BD /* libPods.a */; };
		C8738EBA1B37270900D474CE /* main.m in Sources */ = {isa = PBXBuildFile; fileRef = C8738EB91B37270900D474CE /* main.m */; };
		C8738EBD1B37270900D474CE /* AppDelegate.m in Sources */ = {isa = PBXBuildFile; fileRef = C8738EBC1B37270900D474CE /* AppDelegate.m */; };
		C8738EC51B37270900D474CE /* Images.xcassets in Resources */ = {isa = PBXBuildFile; fileRef = C8738EC41B37270900D474CE /* Images.xcassets */; };
		C8738EC81B37270900D474CE /* LaunchScreen.xib in Resources */ = {isa = PBXBuildFile; fileRef = C8738EC61B37270900D474CE /* LaunchScreen.xib */; };
		C8738ED41B37270A00D474CE /* ____Tests.m in Sources */ = {isa = PBXBuildFile; fileRef = C8738ED31B37270A00D474CE /* ____Tests.m */; };
		C8738EE11B372A7C00D474CE /* News.storyboard in Resources */ = {isa = PBXBuildFile; fileRef = C8738EE01B372A7C00D474CE /* News.storyboard */; };
		C8738EE41B372ABB00D474CE /* NewsTableViewController.m in Sources */ = {isa = PBXBuildFile; fileRef = C8738EE31B372ABB00D474CE /* NewsTableViewController.m */; };
		C8B9E25F1B37AB970051A648 /* NetWorkTools.m in Sources */ = {isa = PBXBuildFile; fileRef = C8B9E25E1B37AB970051A648 /* NetWorkTools.m */; };
/* End PBXBuildFile section */

/* Begin PBXContainerItemProxy section */
		C8738ECE1B37270A00D474CE /* PBXContainerItemProxy */ = {
			isa = PBXContainerItemProxy;
			containerPortal = C8738EAC1B37270900D474CE /* Project object */;
			proxyType = 1;
			remoteGlobalIDString = C8738EB31B37270900D474CE;
			remoteInfo = "网易新闻";
		};
/* End PBXContainerItemProxy section */

/* Begin PBXFileReference section */
		706D6CA9A6D894969BD3DB60 /* Pods.debug.xcconfig */ = {isa = PBXFileReference; includeInIndex = 1; lastKnownFileType = text.xcconfig; name = Pods.debug.xcconfig; path = "Pods/Target Support Files/Pods/Pods.debug.xcconfig"; sourceTree = "<group>"; };
		7D316EDB8A9746C79AAFFAC5 /* Pods.release.xcconfig */ = {isa = PBXFileReference; includeInIndex = 1; lastKnownFileType = text.xcconfig; name = Pods.release.xcconfig; path = "Pods/Target Support Files/Pods/Pods.release.xcconfig"; sourceTree = "<group>"; };
		82460E756E84B0FBEEED88BD /* libPods.a */ = {isa = PBXFileReference; explicitFileType = archive.ar; includeInIndex = 0; path = libPods.a; sourceTree = BUILT_PRODUCTS_DIR; };
		C8738EB41B37270900D474CE /* 网易新闻.app */ = {isa = PBXFileReference; explicitFileType = wrapper.application; includeInIndex = 0; path = "网易新闻.app"; sourceTree = BUILT_PRODUCTS_DIR; };
		C8738EB81B37270900D474CE /* Info.plist */ = {isa = PBXFileReference; lastKnownFileType = text.plist.xml; path = Info.plist; sourceTree = "<group>"; };
		C8738EB91B37270900D474CE /* main.m */ = {isa = PBXFileReference; lastKnownFileType = sourcecode.c.objc; path = main.m; sourceTree = "<group>"; };
		C8738EBB1B37270900D474CE /* AppDelegate.h */ = {isa = PBXFileReference; lastKnownFileType = sourcecode.c.h; path = AppDelegate.h; sourceTree = "<group>"; };
		C8738EBC1B37270900D474CE /* AppDelegate.m */ = {isa = PBXFileReference; lastKnownFileType = sourcecode.c.objc; path = AppDelegate.m; sourceTree = "<group>"; };
		C8738EC41B37270900D474CE /* Images.xcassets */ = {isa = PBXFileReference; lastKnownFileType = folder.assetcatalog; path = Images.xcassets; sourceTree = "<group>"; };
		C8738EC71B37270900D474CE /* Base */ = {isa = PBXFileReference; lastKnownFileType = file.xib; name = Base; path = Base.lproj/LaunchScreen.xib; sourceTree = "<group>"; };
		C8738ECD1B37270A00D474CE /* 网易新闻Tests.xctest */ = {isa = PBXFileReference; explicitFileType = wrapper.cfbundle; includeInIndex = 0; path = "网易新闻Tests.xctest"; sourceTree = BUILT_PRODUCTS_DIR; };
		C8738ED21B37270A00D474CE /* Info.plist */ = {isa = PBXFileReference; lastKnownFileType = text.plist.xml; path = Info.plist; sourceTree = "<group>"; };
		C8738ED31B37270A00D474CE /* ____Tests.m */ = {isa = PBXFileReference; lastKnownFileType = sourcecode.c.objc; path = "____Tests.m"; sourceTree = "<group>"; };
		C8738EE01B372A7C00D474CE /* News.storyboard */ = {isa = PBXFileReference; fileEncoding = 4; lastKnownFileType = file.storyboard; path = News.storyboard; sourceTree = "<group>"; };
		C8738EE21B372ABB00D474CE /* NewsTableViewController.h */ = {isa = PBXFileReference; fileEncoding = 4; lastKnownFileType = sourcecode.c.h; path = NewsTableViewController.h; sourceTree = "<group>"; };
		C8738EE31B372ABB00D474CE /* NewsTableViewController.m */ = {isa = PBXFileReference; fileEncoding = 4; lastKnownFileType = sourcecode.c.objc; path = NewsTableViewController.m; sourceTree = "<group>"; };
		C8B9E25D1B37AB970051A648 /* NetWorkTools.h */ = {isa = PBXFileReference; fileEncoding = 4; lastKnownFileType = sourcecode.c.h; path = NetWorkTools.h; sourceTree = "<group>"; };
		C8B9E25E1B37AB970051A648 /* NetWorkTools.m */ = {isa = PBXFileReference; fileEncoding = 4; lastKnownFileType = sourcecode.c.objc; path = NetWorkTools.m; sourceTree = "<group>"; };
/* End PBXFileReference section */

/* Begin PBXFrameworksBuildPhase section */
		C8738EB11B37270900D474CE /* Frameworks */ = {
			isa = PBXFrameworksBuildPhase;
			buildActionMask = 2147483647;
			files = (
				415F861405108CE6A7A03020 /* libPods.a in Frameworks */,
			);
			runOnlyForDeploymentPostprocessing = 0;
		};
		C8738ECA1B37270A00D474CE /* Frameworks */ = {
			isa = PBXFrameworksBuildPhase;
			buildActionMask = 2147483647;
			files = (
			);
			runOnlyForDeploymentPostprocessing = 0;
		};
/* End PBXFrameworksBuildPhase section */

/* Begin PBXGroup section */
		8C1CE29D23A9AE7B8F2B8A9F /* Frameworks */ = {
			isa = PBXGroup;
			children = (
				82460E756E84B0FBEEED88BD /* libPods.a */,
			);
			name = Frameworks;
			sourceTree = "<group>";
		};
		C8738EAB1B37270900D474CE = {
			isa = PBXGroup;
			children = (
				C8738EB61B37270900D474CE /* 网易新闻 */,
				C8738ED01B37270A00D474CE /* 网易新闻Tests */,
				C8738EB51B37270900D474CE /* Products */,
				E7C625D0C0C3B04FA53F7E21 /* Pods */,
				8C1CE29D23A9AE7B8F2B8A9F /* Frameworks */,
			);
			sourceTree = "<group>";
		};
		C8738EB51B37270900D474CE /* Products */ = {
			isa = PBXGroup;
			children = (
				C8738EB41B37270900D474CE /* 网易新闻.app */,
				C8738ECD1B37270A00D474CE /* 网易新闻Tests.xctest */,
			);
			name = Products;
			sourceTree = "<group>";
		};
		C8738EB61B37270900D474CE /* 网易新闻 */ = {
			isa = PBXGroup;
			children = (
				C8738EDD1B372A2B00D474CE /* Classes */,
				C8738EBB1B37270900D474CE /* AppDelegate.h */,
				C8738EBC1B37270900D474CE /* AppDelegate.m */,
				C8738EC41B37270900D474CE /* Images.xcassets */,
				C8738EC61B37270900D474CE /* LaunchScreen.xib */,
				C8738EB71B37270900D474CE /* Supporting Files */,
			);
			path = "网易新闻";
			sourceTree = "<group>";
		};
		C8738EB71B37270900D474CE /* Supporting Files */ = {
			isa = PBXGroup;
			children = (
				C8738EB81B37270900D474CE /* Info.plist */,
				C8738EB91B37270900D474CE /* main.m */,
			);
			name = "Supporting Files";
			sourceTree = "<group>";
		};
		C8738ED01B37270A00D474CE /* 网易新闻Tests */ = {
			isa = PBXGroup;
			children = (
				C8738ED31B37270A00D474CE /* ____Tests.m */,
				C8738ED11B37270A00D474CE /* Supporting Files */,
			);
			path = "网易新闻Tests";
			sourceTree = "<group>";
		};
		C8738ED11B37270A00D474CE /* Supporting Files */ = {
			isa = PBXGroup;
			children = (
				C8738ED21B37270A00D474CE /* Info.plist */,
			);
			name = "Supporting Files";
			sourceTree = "<group>";
		};
		C8738EDD1B372A2B00D474CE /* Classes */ = {
			isa = PBXGroup;
			children = (
				C8738EDE1B372A2B00D474CE /* News */,
				C8738EDF1B372A2B00D474CE /* Tools */,
			);
			path = Classes;
			sourceTree = "<group>";
		};
		C8738EDE1B372A2B00D474CE /* News */ = {
			isa = PBXGroup;
			children = (
				C8738EE01B372A7C00D474CE /* News.storyboard */,
				C8738EE21B372ABB00D474CE /* NewsTableViewController.h */,
				C8738EE31B372ABB00D474CE /* NewsTableViewController.m */,
			);
			path = News;
			sourceTree = "<group>";
		};
		C8738EDF1B372A2B00D474CE /* Tools */ = {
			isa = PBXGroup;
			children = (
				C8B9E25D1B37AB970051A648 /* NetWorkTools.h */,
				C8B9E25E1B37AB970051A648 /* NetWorkTools.m */,
			);
			path = Tools;
			sourceTree = "<group>";
		};
		E7C625D0C0C3B04FA53F7E21 /* Pods */ = {
			isa = PBXGroup;
			children = (
				706D6CA9A6D894969BD3DB60 /* Pods.debug.xcconfig */,
				7D316EDB8A9746C79AAFFAC5 /* Pods.release.xcconfig */,
			);
			name = Pods;
			sourceTree = "<group>";
		};
/* End PBXGroup section */

/* Begin PBXNativeTarget section */
		C8738EB31B37270900D474CE /* 网易新闻 */ = {
			isa = PBXNativeTarget;
			buildConfigurationList = C8738ED71B37270A00D474CE /* Build configuration list for PBXNativeTarget "网易新闻" */;
			buildPhases = (
				4893F9C1195B3848BA9D3CEB /* Check Pods Manifest.lock */,
				C8738EB01B37270900D474CE /* Sources */,
				C8738EB11B37270900D474CE /* Frameworks */,
				C8738EB21B37270900D474CE /* Resources */,
				BE09B52E51642C5475C742D4 /* Copy Pods Resources */,
			);
			buildRules = (
			);
			dependencies = (
			);
			name = "网易新闻";
			productName = "网易新闻";
			productReference = C8738EB41B37270900D474CE /* 网易新闻.app */;
			productType = "com.apple.product-type.application";
		};
		C8738ECC1B37270A00D474CE /* 网易新闻Tests */ = {
			isa = PBXNativeTarget;
			buildConfigurationList = C8738EDA1B37270A00D474CE /* Build configuration list for PBXNativeTarget "网易新闻Tests" */;
			buildPhases = (
				C8738EC91B37270A00D474CE /* Sources */,
				C8738ECA1B37270A00D474CE /* Frameworks */,
				C8738ECB1B37270A00D474CE /* Resources */,
			);
			buildRules = (
			);
			dependencies = (
				C8738ECF1B37270A00D474CE /* PBXTargetDependency */,
			);
			name = "网易新闻Tests";
			productName = "网易新闻Tests";
			productReference = C8738ECD1B37270A00D474CE /* 网易新闻Tests.xctest */;
			productType = "com.apple.product-type.bundle.unit-test";
		};
/* End PBXNativeTarget section */

/* Begin PBXProject section */
		C8738EAC1B37270900D474CE /* Project object */ = {
			isa = PBXProject;
			attributes = {
				LastUpgradeCheck = 0630;
				ORGANIZATIONNAME = itcast;
				TargetAttributes = {
					C8738EB31B37270900D474CE = {
						CreatedOnToolsVersion = 6.3.2;
					};
					C8738ECC1B37270A00D474CE = {
						CreatedOnToolsVersion = 6.3.2;
						TestTargetID = C8738EB31B37270900D474CE;
					};
				};
			};
			buildConfigurationList = C8738EAF1B37270900D474CE /* Build configuration list for PBXProject "网易新闻" */;
			compatibilityVersion = "Xcode 3.2";
			developmentRegion = English;
			hasScannedForEncodings = 0;
			knownRegions = (
				en,
				Base,
			);
			mainGroup = C8738EAB1B37270900D474CE;
			productRefGroup = C8738EB51B37270900D474CE /* Products */;
			projectDirPath = "";
			projectRoot = "";
			targets = (
				C8738EB31B37270900D474CE /* 网易新闻 */,
				C8738ECC1B37270A00D474CE /* 网易新闻Tests */,
			);
		};
/* End PBXProject section */

/* Begin PBXResourcesBuildPhase section */
		C8738EB21B37270900D474CE /* Resources */ = {
			isa = PBXResourcesBuildPhase;
			buildActionMask = 2147483647;
			files = (
				C8738EC81B37270900D474CE /* LaunchScreen.xib in Resources */,
				C8738EE11B372A7C00D474CE /* News.storyboard in Resources */,
				C8738EC51B37270900D474CE /* Images.xcassets in Resources */,
			);
			runOnlyForDeploymentPostprocessing = 0;
		};
		C8738ECB1B37270A00D474CE /* Resources */ = {
			isa = PBXResourcesBuildPhase;
			buildActionMask = 2147483647;
			files = (
			);
			runOnlyForDeploymentPostprocessing = 0;
		};
/* End PBXResourcesBuildPhase section */

/* Begin PBXShellScriptBuildPhase section */
		4893F9C1195B3848BA9D3CEB /* Check Pods Manifest.lock */ = {
			isa = PBXShellScriptBuildPhase;
			buildActionMask = 2147483647;
			files = (
			);
			inputPaths = (
			);
			name = "Check Pods Manifest.lock";
			outputPaths = (
			);
			runOnlyForDeploymentPostprocessing = 0;
			shellPath = /bin/sh;
			shellScript = "diff \"${PODS_ROOT}/../Podfile.lock\" \"${PODS_ROOT}/Manifest.lock\" > /dev/null\nif [[ $? != 0 ]] ; then\n    cat << EOM\nerror: The sandbox is not in sync with the Podfile.lock. Run 'pod install' or update your CocoaPods installation.\nEOM\n    exit 1\nfi\n";
			showEnvVarsInLog = 0;
		};
		BE09B52E51642C5475C742D4 /* Copy Pods Resources */ = {
			isa = PBXShellScriptBuildPhase;
			buildActionMask = 2147483647;
			files = (
			);
			inputPaths = (
			);
			name = "Copy Pods Resources";
			outputPaths = (
			);
			runOnlyForDeploymentPostprocessing = 0;
			shellPath = /bin/sh;
			shellScript = "\"${SRCROOT}/Pods/Target Support Files/Pods/Pods-resources.sh\"\n";
			showEnvVarsInLog = 0;
		};
/* End PBXShellScriptBuildPhase section */

/* Begin PBXSourcesBuildPhase section */
		C8738EB01B37270900D474CE /* Sources */ = {
			isa = PBXSourcesBuildPhase;
			buildActionMask = 2147483647;
			files = (
				C8B9E25F1B37AB970051A648 /* NetWorkTools.m in Sources */,
				C8738EE41B372ABB00D474CE /* NewsTableViewController.m in Sources */,
				C8738EBD1B37270900D474CE /* AppDelegate.m in Sources */,
				C8738EBA1B37270900D474CE /* main.m in Sources */,
			);
			runOnlyForDeploymentPostprocessing = 0;
		};
		C8738EC91B37270A00D474CE /* Sources */ = {
			isa = PBXSourcesBuildPhase;
			buildActionMask = 2147483647;
			files = (
				C8738ED41B37270A00D474CE /* ____Tests.m in Sources */,
			);
			runOnlyForDeploymentPostprocessing = 0;
		};
/* End PBXSourcesBuildPhase section */

/* Begin PBXTargetDependency section */
		C8738ECF1B37270A00D474CE /* PBXTargetDependency */ = {
			isa = PBXTargetDependency;
			target = C8738EB31B37270900D474CE /* 网易新闻 */;
			targetProxy = C8738ECE1B37270A00D474CE /* PBXContainerItemProxy */;
		};
/* End PBXTargetDependency section */

/* Begin PBXVariantGroup section */
		C8738EC61B37270900D474CE /* LaunchScreen.xib */ = {
			isa = PBXVariantGroup;
			children = (
				C8738EC71B37270900D474CE /* Base */,
			);
			name = LaunchScreen.xib;
			sourceTree = "<group>";
		};
/* End PBXVariantGroup section */

/* Begin XCBuildConfiguration section */
		C8738ED51B37270A00D474CE /* Debug */ = {
			isa = XCBuildConfiguration;
			buildSettings = {
				ALWAYS_SEARCH_USER_PATHS = NO;
				CLANG_CXX_LANGUAGE_STANDARD = "gnu++0x";
				CLANG_CXX_LIBRARY = "libc++";
				CLANG_ENABLE_MODULES = YES;
				CLANG_ENABLE_OBJC_ARC = YES;
				CLANG_WARN_BOOL_CONVERSION = YES;
				CLANG_WARN_CONSTANT_CONVERSION = YES;
				CLANG_WARN_DIRECT_OBJC_ISA_USAGE = YES_ERROR;
				CLANG_WARN_EMPTY_BODY = YES;
				CLANG_WARN_ENUM_CONVERSION = YES;
				CLANG_WARN_INT_CONVERSION = YES;
				CLANG_WARN_OBJC_ROOT_CLASS = YES_ERROR;
				CLANG_WARN_UNREACHABLE_CODE = YES;
				CLANG_WARN__DUPLICATE_METHOD_MATCH = YES;
				"CODE_SIGN_IDENTITY[sdk=iphoneos*]" = "iPhone Developer";
				COPY_PHASE_STRIP = NO;
				DEBUG_INFORMATION_FORMAT = "dwarf-with-dsym";
				ENABLE_STRICT_OBJC_MSGSEND = YES;
				GCC_C_LANGUAGE_STANDARD = gnu99;
				GCC_DYNAMIC_NO_PIC = NO;
				GCC_NO_COMMON_BLOCKS = YES;
				GCC_OPTIMIZATION_LEVEL = 0;
				GCC_PREPROCESSOR_DEFINITIONS = (
					"DEBUG=1",
					"$(inherited)",
				);
				GCC_SYMBOLS_PRIVATE_EXTERN = NO;
				GCC_WARN_64_TO_32_BIT_CONVERSION = YES;
				GCC_WARN_ABOUT_RETURN_TYPE = YES_ERROR;
				GCC_WARN_UNDECLARED_SELECTOR = YES;
				GCC_WARN_UNINITIALIZED_AUTOS = YES_AGGRESSIVE;
				GCC_WARN_UNUSED_FUNCTION = YES;
				GCC_WARN_UNUSED_VARIABLE = YES;
				IPHONEOS_DEPLOYMENT_TARGET = 8.3;
				MTL_ENABLE_DEBUG_INFO = YES;
				ONLY_ACTIVE_ARCH = YES;
				SDKROOT = iphoneos;
			};
			name = Debug;
		};
		C8738ED61B37270A00D474CE /* Release */ = {
			isa = XCBuildConfiguration;
			buildSettings = {
				ALWAYS_SEARCH_USER_PATHS = NO;
				CLANG_CXX_LANGUAGE_STANDARD = "gnu++0x";
				CLANG_CXX_LIBRARY = "libc++";
				CLANG_ENABLE_MODULES = YES;
				CLANG_ENABLE_OBJC_ARC = YES;
				CLANG_WARN_BOOL_CONVERSION = YES;
				CLANG_WARN_CONSTANT_CONVERSION = YES;
				CLANG_WARN_DIRECT_OBJC_ISA_USAGE = YES_ERROR;
				CLANG_WARN_EMPTY_BODY = YES;
				CLANG_WARN_ENUM_CONVERSION = YES;
				CLANG_WARN_INT_CONVERSION = YES;
				CLANG_WARN_OBJC_ROOT_CLASS = YES_ERROR;
				CLANG_WARN_UNREACHABLE_CODE = YES;
				CLANG_WARN__DUPLICATE_METHOD_MATCH = YES;
				"CODE_SIGN_IDENTITY[sdk=iphoneos*]" = "iPhone Developer";
				COPY_PHASE_STRIP = NO;
				DEBUG_INFORMATION_FORMAT = "dwarf-with-dsym";
				ENABLE_NS_ASSERTIONS = NO;
				ENABLE_STRICT_OBJC_MSGSEND = YES;
				GCC_C_LANGUAGE_STANDARD = gnu99;
				GCC_NO_COMMON_BLOCKS = YES;
				GCC_WARN_64_TO_32_BIT_CONVERSION = YES;
				GCC_WARN_ABOUT_RETURN_TYPE = YES_ERROR;
				GCC_WARN_UNDECLARED_SELECTOR = YES;
				GCC_WARN_UNINITIALIZED_AUTOS = YES_AGGRESSIVE;
				GCC_WARN_UNUSED_FUNCTION = YES;
				GCC_WARN_UNUSED_VARIABLE = YES;
				IPHONEOS_DEPLOYMENT_TARGET = 8.3;
				MTL_ENABLE_DEBUG_INFO = NO;
				SDKROOT = iphoneos;
				VALIDATE_PRODUCT = YES;
			};
			name = Release;
		};
		C8738ED81B37270A00D474CE /* Debug */ = {
			isa = XCBuildConfiguration;
			baseConfigurationReference = 706D6CA9A6D894969BD3DB60 /* Pods.debug.xcconfig */;
			buildSettings = {
				ASSETCATALOG_COMPILER_APPICON_NAME = AppIcon;
				INFOPLIST_FILE = "网易新闻/Info.plist";
				LD_RUNPATH_SEARCH_PATHS = "$(inherited) @executable_path/Frameworks";
				PRODUCT_NAME = "$(TARGET_NAME)";
			};
			name = Debug;
		};
		C8738ED91B37270A00D474CE /* Release */ = {
			isa = XCBuildConfiguration;
			baseConfigurationReference = 7D316EDB8A9746C79AAFFAC5 /* Pods.release.xcconfig */;
			buildSettings = {
				ASSETCATALOG_COMPILER_APPICON_NAME = AppIcon;
				INFOPLIST_FILE = "网易新闻/Info.plist";
				LD_RUNPATH_SEARCH_PATHS = "$(inherited) @executable_path/Frameworks";
				PRODUCT_NAME = "$(TARGET_NAME)";
			};
			name = Release;
		};
		C8738EDB1B37270A00D474CE /* Debug */ = {
			isa = XCBuildConfiguration;
			buildSettings = {
				BUNDLE_LOADER = "$(TEST_HOST)";
				FRAMEWORK_SEARCH_PATHS = (
					"$(SDKROOT)/Developer/Library/Frameworks",
					"$(inherited)",
				);
				GCC_PREPROCESSOR_DEFINITIONS = (
					"DEBUG=1",
					"$(inherited)",
				);
				INFOPLIST_FILE = "网易新闻Tests/Info.plist";
				LD_RUNPATH_SEARCH_PATHS = "$(inherited) @executable_path/Frameworks @loader_path/Frameworks";
				PRODUCT_NAME = "$(TARGET_NAME)";
				TEST_HOST = "$(BUILT_PRODUCTS_DIR)/网易新闻.app/网易新闻";
			};
			name = Debug;
		};
		C8738EDC1B37270A00D474CE /* Release */ = {
			isa = XCBuildConfiguration;
			buildSettings = {
				BUNDLE_LOADER = "$(TEST_HOST)";
				FRAMEWORK_SEARCH_PATHS = (
					"$(SDKROOT)/Developer/Library/Frameworks",
					"$(inherited)",
				);
				INFOPLIST_FILE = "网易新闻Tests/Info.plist";
				LD_RUNPATH_SEARCH_PATHS = "$(inherited) @executable_path/Frameworks @loader_path/Frameworks";
				PRODUCT_NAME = "$(TARGET_NAME)";
				TEST_HOST = "$(BUILT_PRODUCTS_DIR)/网易新闻.app/网易新闻";
			};
			name = Release;
		};
/* End XCBuildConfiguration section */

/* Begin XCConfigurationList section */
		C8738EAF1B37270900D474CE /* Build configuration list for PBXProject "网易新闻" */ = {
			isa = XCConfigurationList;
			buildConfigurations = (
				C8738ED51B37270A00D474CE /* Debug */,
				C8738ED61B37270A00D474CE /* Release */,
			);
			defaultConfigurationIsVisible = 0;
			defaultConfigurationName = Release;
		};
		C8738ED71B37270A00D474CE /* Build configuration list for PBXNativeTarget "网易新闻" */ = {
			isa = XCConfigurationList;
			buildConfigurations = (
				C8738ED81B37270A00D474CE /* Debug */,
				C8738ED91B37270A00D474CE /* Release */,
			);
			defaultConfigurationIsVisible = 0;
			defaultConfigurationName = Release;
		};
		C8738EDA1B37270A00D474CE /* Build configuration list for PBXNativeTarget "网易新闻Tests" */ = {
			isa = XCConfigurationList;
			buildConfigurations = (
				C8738EDB1B37270A00D474CE /* Debug */,
				C8738EDC1B37270A00D474CE /* Release */,
			);
			defaultConfigurationIsVisible = 0;
			defaultConfigurationName = Release;
		};
/* End XCConfigurationList section */
	};
	rootObject = C8738EAC1B37270900D474CE /* Project object */;
}
